
Microsoft Visual Studio Solution File, Format Version 12.00
# Visual Studio Version 16
VisualStudioVersion = 16.0.29418.71
MinimumVisualStudioVersion = 10.0.40219.1
Project("{FAE04EC0-301F-11D3-BF4B-00C04F79EFBC}") = "TestAssignment", "TestAssignment\TestAssignment.csproj", "{091B12F5-C7FA-4077-A032-25B610FD43D3}"
EndProject
Global
	GlobalSection(SolutionConfigurationPlatforms) = preSolution
		Debug|Any CPU = Debug|Any CPU
		Release|Any CPU = Release|Any CPU
	EndGlobalSection
	GlobalSection(ProjectConfigurationPlatforms) = postSolution
		{091B12F5-C7FA-4077-A032-25B610FD43D3}.Debug|Any CPU.ActiveCfg = Debug|Any CPU
		{091B12F5-C7FA-4077-A032-25B610FD43D3}.Debug|Any CPU.Build.0 = Debug|Any CPU
		{091B12F5-C7FA-4077-A032-25B610FD43D3}.Release|Any CPU.ActiveCfg = Release|Any CPU
		{091B12F5-C7FA-4077-A032-25B610FD43D3}.Release|Any CPU.Build.0 = Release|Any CPU
	EndGlobalSection
	GlobalSection(SolutionProperties) = preSolution
		HideSolutionNode = FALSE
	EndGlobalSection
	GlobalSection(ExtensibilityGlobals) = postSolution
		SolutionGuid = {D6FF0C91-68BC-4AAB-9FB5-0C30F0D478D2}
	EndGlobalSection
EndGlobal
