
Microsoft Visual Studio Solution File, Format Version 12.00
# Visual Studio Version 16
VisualStudioVersion = 16.0.29613.14
MinimumVisualStudioVersion = 10.0.40219.1
Project("{FAE04EC0-301F-11D3-BF4B-00C04F79EFBC}") = "EventsPractice1", "EventsPractice1.csproj", "{4526FAD9-2FA6-49E4-9FB4-6A87C4EC8D94}"
EndProject
Global
	GlobalSection(SolutionConfigurationPlatforms) = preSolution
		Debug|Any CPU = Debug|Any CPU
		Release|Any CPU = Release|Any CPU
	EndGlobalSection
	GlobalSection(ProjectConfigurationPlatforms) = postSolution
		{4526FAD9-2FA6-49E4-9FB4-6A87C4EC8D94}.Debug|Any CPU.ActiveCfg = Debug|Any CPU
		{4526FAD9-2FA6-49E4-9FB4-6A87C4EC8D94}.Debug|Any CPU.Build.0 = Debug|Any CPU
		{4526FAD9-2FA6-49E4-9FB4-6A87C4EC8D94}.Release|Any CPU.ActiveCfg = Release|Any CPU
		{4526FAD9-2FA6-49E4-9FB4-6A87C4EC8D94}.Release|Any CPU.Build.0 = Release|Any CPU
	EndGlobalSection
	GlobalSection(SolutionProperties) = preSolution
		HideSolutionNode = FALSE
	EndGlobalSection
	GlobalSection(ExtensibilityGlobals) = postSolution
		SolutionGuid = {91F9D39B-90B4-4C9C-BE1F-82B25A1FC139}
	EndGlobalSection
EndGlobal
