
Microsoft Visual Studio Solution File, Format Version 12.00
# Visual Studio Version 16
VisualStudioVersion = 16.0.29806.167
MinimumVisualStudioVersion = 10.0.40219.1
Project("{FAE04EC0-301F-11D3-BF4B-00C04F79EFBC}") = "MVCTestDemo", "MVCTestDemo\MVCTestDemo.csproj", "{EC852F27-D33D-4417-8C83-59D719222EE6}"
EndProject
Project("{FAE04EC0-301F-11D3-BF4B-00C04F79EFBC}") = "MVCTestDemo.Tests", "MVCTestDemo.Tests\MVCTestDemo.Tests.csproj", "{8C39813D-9DE6-4279-ADE7-A706FD076B1E}"
EndProject
Global
	GlobalSection(SolutionConfigurationPlatforms) = preSolution
		Debug|Any CPU = Debug|Any CPU
		Release|Any CPU = Release|Any CPU
	EndGlobalSection
	GlobalSection(ProjectConfigurationPlatforms) = postSolution
		{EC852F27-D33D-4417-8C83-59D719222EE6}.Debug|Any CPU.ActiveCfg = Debug|Any CPU
		{EC852F27-D33D-4417-8C83-59D719222EE6}.Debug|Any CPU.Build.0 = Debug|Any CPU
		{EC852F27-D33D-4417-8C83-59D719222EE6}.Release|Any CPU.ActiveCfg = Release|Any CPU
		{EC852F27-D33D-4417-8C83-59D719222EE6}.Release|Any CPU.Build.0 = Release|Any CPU
		{8C39813D-9DE6-4279-ADE7-A706FD076B1E}.Debug|Any CPU.ActiveCfg = Debug|Any CPU
		{8C39813D-9DE6-4279-ADE7-A706FD076B1E}.Debug|Any CPU.Build.0 = Debug|Any CPU
		{8C39813D-9DE6-4279-ADE7-A706FD076B1E}.Release|Any CPU.ActiveCfg = Release|Any CPU
		{8C39813D-9DE6-4279-ADE7-A706FD076B1E}.Release|Any CPU.Build.0 = Release|Any CPU
	EndGlobalSection
	GlobalSection(SolutionProperties) = preSolution
		HideSolutionNode = FALSE
	EndGlobalSection
	GlobalSection(ExtensibilityGlobals) = postSolution
		SolutionGuid = {E991C6D5-7788-4F4E-BF6F-637A4E96AB20}
	EndGlobalSection
EndGlobal
