
Microsoft Visual Studio Solution File, Format Version 12.00
# Visual Studio Version 16
VisualStudioVersion = 16.0.29613.14
MinimumVisualStudioVersion = 10.0.40219.1
Project("{FAE04EC0-301F-11D3-BF4B-00C04F79EFBC}") = "ConsoleApp2", "ConsoleApp2.csproj", "{32D54387-63E7-4888-94B2-7B4DA19C2F53}"
EndProject
Global
	GlobalSection(SolutionConfigurationPlatforms) = preSolution
		Debug|Any CPU = Debug|Any CPU
		Release|Any CPU = Release|Any CPU
	EndGlobalSection
	GlobalSection(ProjectConfigurationPlatforms) = postSolution
		{32D54387-63E7-4888-94B2-7B4DA19C2F53}.Debug|Any CPU.ActiveCfg = Debug|Any CPU
		{32D54387-63E7-4888-94B2-7B4DA19C2F53}.Debug|Any CPU.Build.0 = Debug|Any CPU
		{32D54387-63E7-4888-94B2-7B4DA19C2F53}.Release|Any CPU.ActiveCfg = Release|Any CPU
		{32D54387-63E7-4888-94B2-7B4DA19C2F53}.Release|Any CPU.Build.0 = Release|Any CPU
	EndGlobalSection
	GlobalSection(SolutionProperties) = preSolution
		HideSolutionNode = FALSE
	EndGlobalSection
	GlobalSection(ExtensibilityGlobals) = postSolution
		SolutionGuid = {78B5FDEE-6C98-45BA-B5B7-749958CAEDD1}
	EndGlobalSection
EndGlobal
