
Microsoft Visual Studio Solution File, Format Version 12.00
# Visual Studio Version 16
VisualStudioVersion = 16.0.29806.167
MinimumVisualStudioVersion = 10.0.40219.1
Project("{FAE04EC0-301F-11D3-BF4B-00C04F79EFBC}") = "EFCoreSchoolDb", "EFCoreSchoolDb.csproj", "{5184E2E3-76C1-4FAF-B3C0-5147BEDA72E0}"
EndProject
Project("{FAE04EC0-301F-11D3-BF4B-00C04F79EFBC}") = "SchoolDb", "..\SchoolDb\SchoolDb.csproj", "{8FE0DB06-6B1A-458E-9446-38EC3D50EF0D}"
EndProject
Global
	GlobalSection(SolutionConfigurationPlatforms) = preSolution
		Debug|Any CPU = Debug|Any CPU
		Release|Any CPU = Release|Any CPU
	EndGlobalSection
	GlobalSection(ProjectConfigurationPlatforms) = postSolution
		{5184E2E3-76C1-4FAF-B3C0-5147BEDA72E0}.Debug|Any CPU.ActiveCfg = Debug|Any CPU
		{5184E2E3-76C1-4FAF-B3C0-5147BEDA72E0}.Debug|Any CPU.Build.0 = Debug|Any CPU
		{5184E2E3-76C1-4FAF-B3C0-5147BEDA72E0}.Release|Any CPU.ActiveCfg = Release|Any CPU
		{5184E2E3-76C1-4FAF-B3C0-5147BEDA72E0}.Release|Any CPU.Build.0 = Release|Any CPU
		{8FE0DB06-6B1A-458E-9446-38EC3D50EF0D}.Debug|Any CPU.ActiveCfg = Debug|Any CPU
		{8FE0DB06-6B1A-458E-9446-38EC3D50EF0D}.Debug|Any CPU.Build.0 = Debug|Any CPU
		{8FE0DB06-6B1A-458E-9446-38EC3D50EF0D}.Release|Any CPU.ActiveCfg = Release|Any CPU
		{8FE0DB06-6B1A-458E-9446-38EC3D50EF0D}.Release|Any CPU.Build.0 = Release|Any CPU
	EndGlobalSection
	GlobalSection(SolutionProperties) = preSolution
		HideSolutionNode = FALSE
	EndGlobalSection
	GlobalSection(ExtensibilityGlobals) = postSolution
		SolutionGuid = {C8E86746-3A6D-4BAE-A90E-96C914BBAEF7}
	EndGlobalSection
EndGlobal
