
Microsoft Visual Studio Solution File, Format Version 12.00
# Visual Studio Version 16
VisualStudioVersion = 16.0.29806.167
MinimumVisualStudioVersion = 10.0.40219.1
Project("{FAE04EC0-301F-11D3-BF4B-00C04F79EFBC}") = "CareerCloudDemo", "CareerCloudDemo.csproj", "{7782283D-5095-438C-BEC0-802728F954C3}"
EndProject
Global
	GlobalSection(SolutionConfigurationPlatforms) = preSolution
		Debug|Any CPU = Debug|Any CPU
		Release|Any CPU = Release|Any CPU
	EndGlobalSection
	GlobalSection(ProjectConfigurationPlatforms) = postSolution
		{7782283D-5095-438C-BEC0-802728F954C3}.Debug|Any CPU.ActiveCfg = Debug|Any CPU
		{7782283D-5095-438C-BEC0-802728F954C3}.Debug|Any CPU.Build.0 = Debug|Any CPU
		{7782283D-5095-438C-BEC0-802728F954C3}.Release|Any CPU.ActiveCfg = Release|Any CPU
		{7782283D-5095-438C-BEC0-802728F954C3}.Release|Any CPU.Build.0 = Release|Any CPU
	EndGlobalSection
	GlobalSection(SolutionProperties) = preSolution
		HideSolutionNode = FALSE
	EndGlobalSection
	GlobalSection(ExtensibilityGlobals) = postSolution
		SolutionGuid = {A0AC2AC2-D34E-4207-87DB-B9AB8159F738}
	EndGlobalSection
EndGlobal
