
Microsoft Visual Studio Solution File, Format Version 12.00
# Visual Studio Version 16
VisualStudioVersion = 16.0.29613.14
MinimumVisualStudioVersion = 10.0.40219.1
Project("{FAE04EC0-301F-11D3-BF4B-00C04F79EFBC}") = "ArrayAdd", "ArrayAdd.csproj", "{4C5DCFC3-06DA-4C78-AC98-AF5117D86093}"
EndProject
Global
	GlobalSection(SolutionConfigurationPlatforms) = preSolution
		Debug|Any CPU = Debug|Any CPU
		Release|Any CPU = Release|Any CPU
	EndGlobalSection
	GlobalSection(ProjectConfigurationPlatforms) = postSolution
		{4C5DCFC3-06DA-4C78-AC98-AF5117D86093}.Debug|Any CPU.ActiveCfg = Debug|Any CPU
		{4C5DCFC3-06DA-4C78-AC98-AF5117D86093}.Debug|Any CPU.Build.0 = Debug|Any CPU
		{4C5DCFC3-06DA-4C78-AC98-AF5117D86093}.Release|Any CPU.ActiveCfg = Release|Any CPU
		{4C5DCFC3-06DA-4C78-AC98-AF5117D86093}.Release|Any CPU.Build.0 = Release|Any CPU
	EndGlobalSection
	GlobalSection(SolutionProperties) = preSolution
		HideSolutionNode = FALSE
	EndGlobalSection
	GlobalSection(ExtensibilityGlobals) = postSolution
		SolutionGuid = {84DAB374-A73F-477E-A315-DF3CC4F2D1CF}
	EndGlobalSection
EndGlobal
