
Microsoft Visual Studio Solution File, Format Version 12.00
# Visual Studio Version 16
VisualStudioVersion = 16.0.29806.167
MinimumVisualStudioVersion = 10.0.40219.1
Project("{FAE04EC0-301F-11D3-BF4B-00C04F79EFBC}") = "WebApplication8", "WebApplication8\WebApplication8.csproj", "{B48D7809-228B-45E8-BCEF-7DBF5B4DCCBD}"
EndProject
Global
	GlobalSection(SolutionConfigurationPlatforms) = preSolution
		Debug|Any CPU = Debug|Any CPU
		Release|Any CPU = Release|Any CPU
	EndGlobalSection
	GlobalSection(ProjectConfigurationPlatforms) = postSolution
		{B48D7809-228B-45E8-BCEF-7DBF5B4DCCBD}.Debug|Any CPU.ActiveCfg = Debug|Any CPU
		{B48D7809-228B-45E8-BCEF-7DBF5B4DCCBD}.Debug|Any CPU.Build.0 = Debug|Any CPU
		{B48D7809-228B-45E8-BCEF-7DBF5B4DCCBD}.Release|Any CPU.ActiveCfg = Release|Any CPU
		{B48D7809-228B-45E8-BCEF-7DBF5B4DCCBD}.Release|Any CPU.Build.0 = Release|Any CPU
	EndGlobalSection
	GlobalSection(SolutionProperties) = preSolution
		HideSolutionNode = FALSE
	EndGlobalSection
	GlobalSection(ExtensibilityGlobals) = postSolution
		SolutionGuid = {45BF6EDE-4230-4D26-85B8-365E4D62F89B}
	EndGlobalSection
EndGlobal
