
Microsoft Visual Studio Solution File, Format Version 12.00
# Visual Studio Version 16
VisualStudioVersion = 16.0.29806.167
MinimumVisualStudioVersion = 10.0.40219.1
Project("{FAE04EC0-301F-11D3-BF4B-00C04F79EFBC}") = "ThrowExceptionPractice", "ThrowExceptionPractice\ThrowExceptionPractice.csproj", "{A7D0C239-BFD0-460C-BBB6-AB5E1C49880B}"
EndProject
Global
	GlobalSection(SolutionConfigurationPlatforms) = preSolution
		Debug|Any CPU = Debug|Any CPU
		Release|Any CPU = Release|Any CPU
	EndGlobalSection
	GlobalSection(ProjectConfigurationPlatforms) = postSolution
		{A7D0C239-BFD0-460C-BBB6-AB5E1C49880B}.Debug|Any CPU.ActiveCfg = Debug|Any CPU
		{A7D0C239-BFD0-460C-BBB6-AB5E1C49880B}.Debug|Any CPU.Build.0 = Debug|Any CPU
		{A7D0C239-BFD0-460C-BBB6-AB5E1C49880B}.Release|Any CPU.ActiveCfg = Release|Any CPU
		{A7D0C239-BFD0-460C-BBB6-AB5E1C49880B}.Release|Any CPU.Build.0 = Release|Any CPU
	EndGlobalSection
	GlobalSection(SolutionProperties) = preSolution
		HideSolutionNode = FALSE
	EndGlobalSection
	GlobalSection(ExtensibilityGlobals) = postSolution
		SolutionGuid = {B4C47649-2F88-45CA-97BD-7E44559AED50}
	EndGlobalSection
EndGlobal
