
Microsoft Visual Studio Solution File, Format Version 12.00
# Visual Studio Version 16
VisualStudioVersion = 16.0.29613.14
MinimumVisualStudioVersion = 10.0.40219.1
Project("{FAE04EC0-301F-11D3-BF4B-00C04F79EFBC}") = "ConsoleApp16", "ConsoleApp16.csproj", "{1BA647F9-6CB4-441B-94DD-844FB2BB40DB}"
EndProject
Global
	GlobalSection(SolutionConfigurationPlatforms) = preSolution
		Debug|Any CPU = Debug|Any CPU
		Release|Any CPU = Release|Any CPU
	EndGlobalSection
	GlobalSection(ProjectConfigurationPlatforms) = postSolution
		{1BA647F9-6CB4-441B-94DD-844FB2BB40DB}.Debug|Any CPU.ActiveCfg = Debug|Any CPU
		{1BA647F9-6CB4-441B-94DD-844FB2BB40DB}.Debug|Any CPU.Build.0 = Debug|Any CPU
		{1BA647F9-6CB4-441B-94DD-844FB2BB40DB}.Release|Any CPU.ActiveCfg = Release|Any CPU
		{1BA647F9-6CB4-441B-94DD-844FB2BB40DB}.Release|Any CPU.Build.0 = Release|Any CPU
	EndGlobalSection
	GlobalSection(SolutionProperties) = preSolution
		HideSolutionNode = FALSE
	EndGlobalSection
	GlobalSection(ExtensibilityGlobals) = postSolution
		SolutionGuid = {1A12A7CE-34D4-4092-AE30-9880897308BA}
	EndGlobalSection
EndGlobal
