
Microsoft Visual Studio Solution File, Format Version 12.00
# Visual Studio Version 16
VisualStudioVersion = 16.0.29418.71
MinimumVisualStudioVersion = 10.0.40219.1
Project("{FAE04EC0-301F-11D3-BF4B-00C04F79EFBC}") = "Openclosedprincipleprac", "Openclosedprincipleprac\Openclosedprincipleprac.csproj", "{AC83DF82-B33C-486E-A22B-19BDFAE10865}"
EndProject
Global
	GlobalSection(SolutionConfigurationPlatforms) = preSolution
		Debug|Any CPU = Debug|Any CPU
		Release|Any CPU = Release|Any CPU
	EndGlobalSection
	GlobalSection(ProjectConfigurationPlatforms) = postSolution
		{AC83DF82-B33C-486E-A22B-19BDFAE10865}.Debug|Any CPU.ActiveCfg = Debug|Any CPU
		{AC83DF82-B33C-486E-A22B-19BDFAE10865}.Debug|Any CPU.Build.0 = Debug|Any CPU
		{AC83DF82-B33C-486E-A22B-19BDFAE10865}.Release|Any CPU.ActiveCfg = Release|Any CPU
		{AC83DF82-B33C-486E-A22B-19BDFAE10865}.Release|Any CPU.Build.0 = Release|Any CPU
	EndGlobalSection
	GlobalSection(SolutionProperties) = preSolution
		HideSolutionNode = FALSE
	EndGlobalSection
	GlobalSection(ExtensibilityGlobals) = postSolution
		SolutionGuid = {2F04889F-751D-4212-903B-5BE7E670B3A2}
	EndGlobalSection
EndGlobal
