
Microsoft Visual Studio Solution File, Format Version 12.00
# Visual Studio Version 16
VisualStudioVersion = 16.0.29806.167
MinimumVisualStudioVersion = 10.0.40219.1
Project("{FAE04EC0-301F-11D3-BF4B-00C04F79EFBC}") = "CareerCloudFinal", "CareerCloudFinal\CareerCloudFinal.csproj", "{23F08F49-B4EC-43E9-952A-572743C6CA50}"
EndProject
Project("{9A19103F-16F7-4668-BE54-9A1E7A4F7556}") = "CareerCloud.Pocos", "..\CareerCloud\CareerCloud.Pocos\CareerCloud.Pocos.csproj", "{AB3838F3-2F8C-4CA8-9C71-991038FB069F}"
EndProject
Project("{9A19103F-16F7-4668-BE54-9A1E7A4F7556}") = "CareerCloud.DataAccessLayer", "..\CareerCloud\CareerCloud.DataAccessLayer\CareerCloud.DataAccessLayer.csproj", "{BD3E4B6D-06C6-466B-9D70-D07F8D4CB656}"
EndProject
Project("{9A19103F-16F7-4668-BE54-9A1E7A4F7556}") = "CareerCloud.BusinessLogicLayer", "..\CareerCloud\CareerCloud.BusinessLogicLayer\CareerCloud.BusinessLogicLayer.csproj", "{DF299330-789A-427B-A9CE-286B78624026}"
EndProject
Project("{9A19103F-16F7-4668-BE54-9A1E7A4F7556}") = "CareerCloud.EntityFrameworkDataAccess", "..\CareerCloud\CareerCloud.EntityFrameworkDataAccess’\CareerCloud.EntityFrameworkDataAccess.csproj", "{09620EF7-62E2-4919-8939-DCEADAD4E5E6}"
EndProject
Global
	GlobalSection(SolutionConfigurationPlatforms) = preSolution
		Debug|Any CPU = Debug|Any CPU
		Release|Any CPU = Release|Any CPU
	EndGlobalSection
	GlobalSection(ProjectConfigurationPlatforms) = postSolution
		{23F08F49-B4EC-43E9-952A-572743C6CA50}.Debug|Any CPU.ActiveCfg = Debug|Any CPU
		{23F08F49-B4EC-43E9-952A-572743C6CA50}.Debug|Any CPU.Build.0 = Debug|Any CPU
		{23F08F49-B4EC-43E9-952A-572743C6CA50}.Release|Any CPU.ActiveCfg = Release|Any CPU
		{23F08F49-B4EC-43E9-952A-572743C6CA50}.Release|Any CPU.Build.0 = Release|Any CPU
		{AB3838F3-2F8C-4CA8-9C71-991038FB069F}.Debug|Any CPU.ActiveCfg = Debug|Any CPU
		{AB3838F3-2F8C-4CA8-9C71-991038FB069F}.Debug|Any CPU.Build.0 = Debug|Any CPU
		{AB3838F3-2F8C-4CA8-9C71-991038FB069F}.Release|Any CPU.ActiveCfg = Release|Any CPU
		{AB3838F3-2F8C-4CA8-9C71-991038FB069F}.Release|Any CPU.Build.0 = Release|Any CPU
		{BD3E4B6D-06C6-466B-9D70-D07F8D4CB656}.Debug|Any CPU.ActiveCfg = Debug|Any CPU
		{BD3E4B6D-06C6-466B-9D70-D07F8D4CB656}.Debug|Any CPU.Build.0 = Debug|Any CPU
		{BD3E4B6D-06C6-466B-9D70-D07F8D4CB656}.Release|Any CPU.ActiveCfg = Release|Any CPU
		{BD3E4B6D-06C6-466B-9D70-D07F8D4CB656}.Release|Any CPU.Build.0 = Release|Any CPU
		{DF299330-789A-427B-A9CE-286B78624026}.Debug|Any CPU.ActiveCfg = Debug|Any CPU
		{DF299330-789A-427B-A9CE-286B78624026}.Debug|Any CPU.Build.0 = Debug|Any CPU
		{DF299330-789A-427B-A9CE-286B78624026}.Release|Any CPU.ActiveCfg = Release|Any CPU
		{DF299330-789A-427B-A9CE-286B78624026}.Release|Any CPU.Build.0 = Release|Any CPU
		{09620EF7-62E2-4919-8939-DCEADAD4E5E6}.Debug|Any CPU.ActiveCfg = Debug|Any CPU
		{09620EF7-62E2-4919-8939-DCEADAD4E5E6}.Debug|Any CPU.Build.0 = Debug|Any CPU
		{09620EF7-62E2-4919-8939-DCEADAD4E5E6}.Release|Any CPU.ActiveCfg = Release|Any CPU
		{09620EF7-62E2-4919-8939-DCEADAD4E5E6}.Release|Any CPU.Build.0 = Release|Any CPU
	EndGlobalSection
	GlobalSection(SolutionProperties) = preSolution
		HideSolutionNode = FALSE
	EndGlobalSection
	GlobalSection(ExtensibilityGlobals) = postSolution
		SolutionGuid = {8537DD30-A935-4430-8473-872AC60AC94A}
	EndGlobalSection
EndGlobal
