
Microsoft Visual Studio Solution File, Format Version 12.00
# Visual Studio Version 16
VisualStudioVersion = 16.0.29418.71
MinimumVisualStudioVersion = 10.0.40219.1
Project("{FAE04EC0-301F-11D3-BF4B-00C04F79EFBC}") = "Assignment3", "Assignment3\Assignment3.csproj", "{042030EE-79DB-4929-A972-AF0607B28635}"
EndProject
Global
	GlobalSection(SolutionConfigurationPlatforms) = preSolution
		Debug|Any CPU = Debug|Any CPU
		Release|Any CPU = Release|Any CPU
	EndGlobalSection
	GlobalSection(ProjectConfigurationPlatforms) = postSolution
		{042030EE-79DB-4929-A972-AF0607B28635}.Debug|Any CPU.ActiveCfg = Debug|Any CPU
		{042030EE-79DB-4929-A972-AF0607B28635}.Debug|Any CPU.Build.0 = Debug|Any CPU
		{042030EE-79DB-4929-A972-AF0607B28635}.Release|Any CPU.ActiveCfg = Release|Any CPU
		{042030EE-79DB-4929-A972-AF0607B28635}.Release|Any CPU.Build.0 = Release|Any CPU
	EndGlobalSection
	GlobalSection(SolutionProperties) = preSolution
		HideSolutionNode = FALSE
	EndGlobalSection
	GlobalSection(ExtensibilityGlobals) = postSolution
		SolutionGuid = {1E6EAB6A-7320-4C1F-9E5F-80D82ED775F7}
	EndGlobalSection
EndGlobal
