
Microsoft Visual Studio Solution File, Format Version 12.00
# Visual Studio Version 16
VisualStudioVersion = 16.0.29613.14
MinimumVisualStudioVersion = 10.0.40219.1
Project("{FAE04EC0-301F-11D3-BF4B-00C04F79EFBC}") = "LambdaPractice", "LambdaPractice.csproj", "{C902C704-4548-4428-B7E5-F558B2163801}"
EndProject
Global
	GlobalSection(SolutionConfigurationPlatforms) = preSolution
		Debug|Any CPU = Debug|Any CPU
		Release|Any CPU = Release|Any CPU
	EndGlobalSection
	GlobalSection(ProjectConfigurationPlatforms) = postSolution
		{C902C704-4548-4428-B7E5-F558B2163801}.Debug|Any CPU.ActiveCfg = Debug|Any CPU
		{C902C704-4548-4428-B7E5-F558B2163801}.Debug|Any CPU.Build.0 = Debug|Any CPU
		{C902C704-4548-4428-B7E5-F558B2163801}.Release|Any CPU.ActiveCfg = Release|Any CPU
		{C902C704-4548-4428-B7E5-F558B2163801}.Release|Any CPU.Build.0 = Release|Any CPU
	EndGlobalSection
	GlobalSection(SolutionProperties) = preSolution
		HideSolutionNode = FALSE
	EndGlobalSection
	GlobalSection(ExtensibilityGlobals) = postSolution
		SolutionGuid = {06D39DC9-89AF-406C-B784-FC83DE75116E}
	EndGlobalSection
EndGlobal
