
Microsoft Visual Studio Solution File, Format Version 12.00
# Visual Studio Version 16
VisualStudioVersion = 16.0.29418.71
MinimumVisualStudioVersion = 10.0.40219.1
Project("{FAE04EC0-301F-11D3-BF4B-00C04F79EFBC}") = "Ass3", "Ass3\Ass3.csproj", "{0FFF80C2-E86F-435A-8F04-9C6D01634D45}"
EndProject
Global
	GlobalSection(SolutionConfigurationPlatforms) = preSolution
		Debug|Any CPU = Debug|Any CPU
		Release|Any CPU = Release|Any CPU
	EndGlobalSection
	GlobalSection(ProjectConfigurationPlatforms) = postSolution
		{0FFF80C2-E86F-435A-8F04-9C6D01634D45}.Debug|Any CPU.ActiveCfg = Debug|Any CPU
		{0FFF80C2-E86F-435A-8F04-9C6D01634D45}.Debug|Any CPU.Build.0 = Debug|Any CPU
		{0FFF80C2-E86F-435A-8F04-9C6D01634D45}.Release|Any CPU.ActiveCfg = Release|Any CPU
		{0FFF80C2-E86F-435A-8F04-9C6D01634D45}.Release|Any CPU.Build.0 = Release|Any CPU
	EndGlobalSection
	GlobalSection(SolutionProperties) = preSolution
		HideSolutionNode = FALSE
	EndGlobalSection
	GlobalSection(ExtensibilityGlobals) = postSolution
		SolutionGuid = {024A018B-1E76-4B47-94CF-EB43E6FFE6DD}
	EndGlobalSection
EndGlobal
