
Microsoft Visual Studio Solution File, Format Version 12.00
# Visual Studio Version 16
VisualStudioVersion = 16.0.29806.167
MinimumVisualStudioVersion = 10.0.40219.1
Project("{FAE04EC0-301F-11D3-BF4B-00C04F79EFBC}") = "DAL", "DAL\DAL.csproj", "{0FD07CD8-71F6-402E-A4AF-206BF7EB534E}"
EndProject
Project("{FAE04EC0-301F-11D3-BF4B-00C04F79EFBC}") = "UI", "UI\UI.csproj", "{D7535639-522C-433F-95AB-C2F20D510E55}"
EndProject
Global
	GlobalSection(SolutionConfigurationPlatforms) = preSolution
		Debug|Any CPU = Debug|Any CPU
		Release|Any CPU = Release|Any CPU
	EndGlobalSection
	GlobalSection(ProjectConfigurationPlatforms) = postSolution
		{0FD07CD8-71F6-402E-A4AF-206BF7EB534E}.Debug|Any CPU.ActiveCfg = Debug|Any CPU
		{0FD07CD8-71F6-402E-A4AF-206BF7EB534E}.Debug|Any CPU.Build.0 = Debug|Any CPU
		{0FD07CD8-71F6-402E-A4AF-206BF7EB534E}.Release|Any CPU.ActiveCfg = Release|Any CPU
		{0FD07CD8-71F6-402E-A4AF-206BF7EB534E}.Release|Any CPU.Build.0 = Release|Any CPU
		{D7535639-522C-433F-95AB-C2F20D510E55}.Debug|Any CPU.ActiveCfg = Debug|Any CPU
		{D7535639-522C-433F-95AB-C2F20D510E55}.Debug|Any CPU.Build.0 = Debug|Any CPU
		{D7535639-522C-433F-95AB-C2F20D510E55}.Release|Any CPU.ActiveCfg = Release|Any CPU
		{D7535639-522C-433F-95AB-C2F20D510E55}.Release|Any CPU.Build.0 = Release|Any CPU
	EndGlobalSection
	GlobalSection(SolutionProperties) = preSolution
		HideSolutionNode = FALSE
	EndGlobalSection
	GlobalSection(ExtensibilityGlobals) = postSolution
		SolutionGuid = {69B08569-54C6-40CB-85B2-FC535A74C103}
	EndGlobalSection
EndGlobal
