
Microsoft Visual Studio Solution File, Format Version 12.00
# Visual Studio Version 16
VisualStudioVersion = 16.0.29728.190
MinimumVisualStudioVersion = 10.0.40219.1
Project("{FAE04EC0-301F-11D3-BF4B-00C04F79EFBC}") = "GenericsCalculator", "GenericsCalculator.csproj", "{5AB76E54-1779-440A-B1D3-C5545DC2A945}"
EndProject
Global
	GlobalSection(SolutionConfigurationPlatforms) = preSolution
		Debug|Any CPU = Debug|Any CPU
		Release|Any CPU = Release|Any CPU
	EndGlobalSection
	GlobalSection(ProjectConfigurationPlatforms) = postSolution
		{5AB76E54-1779-440A-B1D3-C5545DC2A945}.Debug|Any CPU.ActiveCfg = Debug|Any CPU
		{5AB76E54-1779-440A-B1D3-C5545DC2A945}.Debug|Any CPU.Build.0 = Debug|Any CPU
		{5AB76E54-1779-440A-B1D3-C5545DC2A945}.Release|Any CPU.ActiveCfg = Release|Any CPU
		{5AB76E54-1779-440A-B1D3-C5545DC2A945}.Release|Any CPU.Build.0 = Release|Any CPU
	EndGlobalSection
	GlobalSection(SolutionProperties) = preSolution
		HideSolutionNode = FALSE
	EndGlobalSection
	GlobalSection(ExtensibilityGlobals) = postSolution
		SolutionGuid = {D1832AD4-F775-4664-84E9-DAAA88B513AC}
	EndGlobalSection
EndGlobal
